// !$*UTF8*$!
{
	archiveVersion = 1;
	classes = {
	};
	objectVersion = 46;
	objects = {

/* Begin PBXBuildFile section */
		79C0E4161D56FBED00B2144A /* AppDelegate.swift in Sources */ = {isa = PBXBuildFile; fileRef = 79C0E4151D56FBED00B2144A /* AppDelegate.swift */; };
		79C0E4181D56FBED00B2144A /* ViewController.swift in Sources */ = {isa = PBXBuildFile; fileRef = 79C0E4171D56FBED00B2144A /* ViewController.swift */; };
		79C0E41B1D56FBED00B2144A /* Main.storyboard in Resources */ = {isa = PBXBuildFile; fileRef = 79C0E4191D56FBED00B2144A /* Main.storyboard */; };
		79C0E41D1D56FBED00B2144A /* Assets.xcassets in Resources */ = {isa = PBXBuildFile; fileRef = 79C0E41C1D56FBED00B2144A /* Assets.xcassets */; };
		79C0E4201D56FBED00B2144A /* LaunchScreen.storyboard in Resources */ = {isa = PBXBuildFile; fileRef = 79C0E41E1D56FBED00B2144A /* LaunchScreen.storyboard */; };
/* End PBXBuildFile section */

/* Begin PBXFileReference section */
		79C0E4121D56FBED00B2144A /* Project2.app */ = {isa = PBXFileReference; explicitFileType = wrapper.application; includeInIndex = 0; path = Project2.app; sourceTree = BUILT_PRODUCTS_DIR; };
		79C0E4151D56FBED00B2144A /* AppDelegate.swift */ = {isa = PBXFileReference; lastKnownFileType = sourcecode.swift; path = AppDelegate.swift; sourceTree = "<group>"; };
		79C0E4171D56FBED00B2144A /* ViewController.swift */ = {isa = PBXFileReference; lastKnownFileType = sourcecode.swift; path = ViewController.swift; sourceTree = "<group>"; };
		79C0E41A1D56FBED00B2144A /* Base */ = {isa = PBXFileReference; lastKnownFileType = file.storyboard; name = Base; path = Base.lproj/Main.storyboard; sourceTree = "<group>"; };
		79C0E41C1D56FBED00B2144A /* Assets.xcassets */ = {isa = PBXFileReference; lastKnownFileType = folder.assetcatalog; path = Assets.xcassets; sourceTree = "<group>"; };
		79C0E41F1D56FBED00B2144A /* Base */ = {isa = PBXFileReference; lastKnownFileType = file.storyboard; name = Base; path = Base.lproj/LaunchScreen.storyboard; sourceTree = "<group>"; };
		79C0E4211D56FBED00B2144A /* Info.plist */ = {isa = PBXFileReference; lastKnownFileType = text.plist.xml; path = Info.plist; sourceTree = "<group>"; };
/* End PBXFileReference section */

/* Begin PBXFrameworksBuildPhase section */
		79C0E40F1D56FBED00B2144A /* Frameworks */ = {
			isa = PBXFrameworksBuildPhase;
			buildActionMask = 2147483647;
			files = (
			);
			runOnlyForDeploymentPostprocessing = 0;
		};
/* End PBXFrameworksBuildPhase section */

/* Begin PBXGroup section */
		79C0E4091D56FBED00B2144A = {
			isa = PBXGroup;
			children = (
				79C0E4141D56FBED00B2144A /* Project2 */,
				79C0E4131D56FBED00B2144A /* Products */,
			);
			sourceTree = "<group>";
		};
		79C0E4131D56FBED00B2144A /* Products */ = {
			isa = PBXGroup;
			children = (
				79C0E4121D56FBED00B2144A /* Project2.app */,
			);
			name = Products;
			sourceTree = "<group>";
		};
		79C0E4141D56FBED00B2144A /* Project2 */ = {
			isa = PBXGroup;
			children = (
				79C0E4151D56FBED00B2144A /* AppDelegate.swift */,
				79C0E4171D56FBED00B2144A /* ViewController.swift */,
				79C0E4191D56FBED00B2144A /* Main.storyboard */,
				79C0E41C1D56FBED00B2144A /* Assets.xcassets */,
				79C0E41E1D56FBED00B2144A /* LaunchScreen.storyboard */,
				79C0E4211D56FBED00B2144A /* Info.plist */,
			);
			path = Project2;
			sourceTree = "<group>";
		};
/* End PBXGroup section */

/* Begin PBXNativeTarget section */
		79C0E4111D56FBED00B2144A /* Project2 */ = {
			isa = PBXNativeTarget;
			buildConfigurationList = 79C0E4241D56FBED00B2144A /* Build configuration list for PBXNativeTarget "Project2" */;
			buildPhases = (
				79C0E40E1D56FBED00B2144A /* Sources */,
				79C0E40F1D56FBED00B2144A /* Frameworks */,
				79C0E4101D56FBED00B2144A /* Resources */,
			);
			buildRules = (
			);
			dependencies = (
			);
			name = Project2;
			productName = Project2;
			productReference = 79C0E4121D56FBED00B2144A /* Project2.app */;
			productType = "com.apple.product-type.application";
		};
/* End PBXNativeTarget section */

/* Begin PBXProject section */
		79C0E40A1D56FBED00B2144A /* Project object */ = {
			isa = PBXProject;
			attributes = {
				LastSwiftUpdateCheck = 0730;
				LastUpgradeCheck = 0730;
				ORGANIZATIONNAME = "Alan Pham";
				TargetAttributes = {
					79C0E4111D56FBED00B2144A = {
						CreatedOnToolsVersion = 7.3.1;
						DevelopmentTeam = B8E22N53X2;
					};
				};
			};
			buildConfigurationList = 79C0E40D1D56FBED00B2144A /* Build configuration list for PBXProject "Project2" */;
			compatibilityVersion = "Xcode 3.2";
			developmentRegion = English;
			hasScannedForEncodings = 0;
			knownRegions = (
				en,
				Base,
			);
			mainGroup = 79C0E4091D56FBED00B2144A;
			productRefGroup = 79C0E4131D56FBED00B2144A /* Products */;
			projectDirPath = "";
			projectRoot = "";
			targets = (
				79C0E4111D56FBED00B2144A /* Project2 */,
			);
		};
/* End PBXProject section */

/* Begin PBXResourcesBuildPhase section */
		79C0E4101D56FBED00B2144A /* Resources */ = {
			isa = PBXResourcesBuildPhase;
			buildActionMask = 2147483647;
			files = (
				79C0E4201D56FBED00B2144A /* LaunchScreen.storyboard in Resources */,
				79C0E41D1D56FBED00B2144A /* Assets.xcassets in Resources */,
				79C0E41B1D56FBED00B2144A /* Main.storyboard in Resources */,
			);
			runOnlyForDeploymentPostprocessing = 0;
		};
/* End PBXResourcesBuildPhase section */

/* Begin PBXSourcesBuildPhase section */
		79C0E40E1D56FBED00B2144A /* Sources */ = {
			isa = PBXSourcesBuildPhase;
			buildActionMask = 2147483647;
			files = (
				79C0E4181D56FBED00B2144A /* ViewController.swift in Sources */,
				79C0E4161D56FBED00B2144A /* AppDelegate.swift in Sources */,
			);
			runOnlyForDeploymentPostprocessing = 0;
		};
/* End PBXSourcesBuildPhase section */

/* Begin PBXVariantGroup section */
		79C0E4191D56FBED00B2144A /* Main.storyboard */ = {
			isa = PBXVariantGroup;
			children = (
				79C0E41A1D56FBED00B2144A /* Base */,
			);
			name = Main.storyboard;
			sourceTree = "<group>";
		};
		79C0E41E1D56FBED00B2144A /* LaunchScreen.storyboard */ = {
			isa = PBXVariantGroup;
			children = (
				79C0E41F1D56FBED00B2144A /* Base */,
			);
			name = LaunchScreen.storyboard;
			sourceTree = "<group>";
		};
/* End PBXVariantGroup section */

/* Begin XCBuildConfiguration section */
		79C0E4221D56FBED00B2144A /* Debug */ = {
			isa = XCBuildConfiguration;
			buildSettings = {
				ALWAYS_SEARCH_USER_PATHS = NO;
				CLANG_ANALYZER_NONNULL = YES;
				CLANG_CXX_LANGUAGE_STANDARD = "gnu++0x";
				CLANG_CXX_LIBRARY = "libc++";
				CLANG_ENABLE_MODULES = YES;
				CLANG_ENABLE_OBJC_ARC = YES;
				CLANG_WARN_BOOL_CONVERSION = YES;
				CLANG_WARN_CONSTANT_CONVERSION = YES;
				CLANG_WARN_DIRECT_OBJC_ISA_USAGE = YES_ERROR;
				CLANG_WARN_EMPTY_BODY = YES;
				CLANG_WARN_ENUM_CONVERSION = YES;
				CLANG_WARN_INT_CONVERSION = YES;
				CLANG_WARN_OBJC_ROOT_CLASS = YES_ERROR;
				CLANG_WARN_UNREACHABLE_CODE = YES;
				CLANG_WARN__DUPLICATE_METHOD_MATCH = YES;
				"CODE_SIGN_IDENTITY[sdk=iphoneos*]" = "iPhone Developer";
				COPY_PHASE_STRIP = NO;
				DEBUG_INFORMATION_FORMAT = dwarf;
				ENABLE_STRICT_OBJC_MSGSEND = YES;
				ENABLE_TESTABILITY = YES;
				GCC_C_LANGUAGE_STANDARD = gnu99;
				GCC_DYNAMIC_NO_PIC = NO;
				GCC_NO_COMMON_BLOCKS = YES;
				GCC_OPTIMIZATION_LEVEL = 0;
				GCC_PREPROCESSOR_DEFINITIONS = (
					"DEBUG=1",
					"$(inherited)",
				);
				GCC_WARN_64_TO_32_BIT_CONVERSION = YES;
				GCC_WARN_ABOUT_RETURN_TYPE = YES_ERROR;
				GCC_WARN_UNDECLARED_SELECTOR = YES;
				GCC_WARN_UNINITIALIZED_AUTOS = YES_AGGRESSIVE;
				GCC_WARN_UNUSED_FUNCTION = YES;
				GCC_WARN_UNUSED_VARIABLE = YES;
				IPHONEOS_DEPLOYMENT_TARGET = 9.3;
				MTL_ENABLE_DEBUG_INFO = YES;
				ONLY_ACTIVE_ARCH = YES;
				SDKROOT = iphoneos;
				SWIFT_OPTIMIZATION_LEVEL = "-Onone";
			};
			name = Debug;
		};
		79C0E4231D56FBED00B2144A /* Release */ = {
			isa = XCBuildConfiguration;
			buildSettings = {
				ALWAYS_SEARCH_USER_PATHS = NO;
				CLANG_ANALYZER_NONNULL = YES;
				CLANG_CXX_LANGUAGE_STANDARD = "gnu++0x";
				CLANG_CXX_LIBRARY = "libc++";
				CLANG_ENABLE_MODULES = YES;
				CLANG_ENABLE_OBJC_ARC = YES;
				CLANG_WARN_BOOL_CONVERSION = YES;
				CLANG_WARN_CONSTANT_CONVERSION = YES;
				CLANG_WARN_DIRECT_OBJC_ISA_USAGE = YES_ERROR;
				CLANG_WARN_EMPTY_BODY = YES;
				CLANG_WARN_ENUM_CONVERSION = YES;
				CLANG_WARN_INT_CONVERSION = YES;
				CLANG_WARN_OBJC_ROOT_CLASS = YES_ERROR;
				CLANG_WARN_UNREACHABLE_CODE = YES;
				CLANG_WARN__DUPLICATE_METHOD_MATCH = YES;
				"CODE_SIGN_IDENTITY[sdk=iphoneos*]" = "iPhone Developer";
				COPY_PHASE_STRIP = NO;
				DEBUG_INFORMATION_FORMAT = "dwarf-with-dsym";
				ENABLE_NS_ASSERTIONS = NO;
				ENABLE_STRICT_OBJC_MSGSEND = YES;
				GCC_C_LANGUAGE_STANDARD = gnu99;
				GCC_NO_COMMON_BLOCKS = YES;
				GCC_WARN_64_TO_32_BIT_CONVERSION = YES;
				GCC_WARN_ABOUT_RETURN_TYPE = YES_ERROR;
				GCC_WARN_UNDECLARED_SELECTOR = YES;
				GCC_WARN_UNINITIALIZED_AUTOS = YES_AGGRESSIVE;
				GCC_WARN_UNUSED_FUNCTION = YES;
				GCC_WARN_UNUSED_VARIABLE = YES;
				IPHONEOS_DEPLOYMENT_TARGET = 9.3;
				MTL_ENABLE_DEBUG_INFO = NO;
				SDKROOT = iphoneos;
				VALIDATE_PRODUCT = YES;
			};
			name = Release;
		};
		79C0E4251D56FBED00B2144A /* Debug */ = {
			isa = XCBuildConfiguration;
			buildSettings = {
				ASSETCATALOG_COMPILER_APPICON_NAME = AppIcon;
				INFOPLIST_FILE = Project2/Info.plist;
				LD_RUNPATH_SEARCH_PATHS = "$(inherited) @executable_path/Frameworks";
				PRODUCT_BUNDLE_IDENTIFIER = self.edu.Project2;
				PRODUCT_NAME = "$(TARGET_NAME)";
			};
			name = Debug;
		};
		79C0E4261D56FBED00B2144A /* Release */ = {
			isa = XCBuildConfiguration;
			buildSettings = {
				ASSETCATALOG_COMPILER_APPICON_NAME = AppIcon;
				INFOPLIST_FILE = Project2/Info.plist;
				LD_RUNPATH_SEARCH_PATHS = "$(inherited) @executable_path/Frameworks";
				PRODUCT_BUNDLE_IDENTIFIER = self.edu.Project2;
				PRODUCT_NAME = "$(TARGET_NAME)";
			};
			name = Release;
		};
/* End XCBuildConfiguration section */

/* Begin XCConfigurationList section */
		79C0E40D1D56FBED00B2144A /* Build configuration list for PBXProject "Project2" */ = {
			isa = XCConfigurationList;
			buildConfigurations = (
				79C0E4221D56FBED00B2144A /* Debug */,
				79C0E4231D56FBED00B2144A /* Release */,
			);
			defaultConfigurationIsVisible = 0;
			defaultConfigurationName = Release;
		};
		79C0E4241D56FBED00B2144A /* Build configuration list for PBXNativeTarget "Project2" */ = {
			isa = XCConfigurationList;
			buildConfigurations = (
				79C0E4251D56FBED00B2144A /* Debug */,
				79C0E4261D56FBED00B2144A /* Release */,
			);
			defaultConfigurationIsVisible = 0;
		};
/* End XCConfigurationList section */
	};
	rootObject = 79C0E40A1D56FBED00B2144A /* Project object */;
}
